
Microsoft Visual Studio Solution File, Format Version 12.00
# Visual Studio Version 17
VisualStudioVersion = 17.1.31903.286
MinimumVisualStudioVersion = 10.0.40219.1
Project("{FAE04EC0-301F-11D3-BF4B-00C04F79EFBC}") = "GetPcDetails", "GetPcDetails\GetPcDetails.csproj", "{D0BC8B02-7A20-43D0-8001-114F0B718FF3}"
EndProject
Global
	GlobalSection(SolutionConfigurationPlatforms) = preSolution
		Debug|Any CPU = Debug|Any CPU
		Release|Any CPU = Release|Any CPU
	EndGlobalSection
	GlobalSection(ProjectConfigurationPlatforms) = postSolution
		{D0BC8B02-7A20-43D0-8001-114F0B718FF3}.Debug|Any CPU.ActiveCfg = Debug|Any CPU
		{D0BC8B02-7A20-43D0-8001-114F0B718FF3}.Debug|Any CPU.Build.0 = Debug|Any CPU
		{D0BC8B02-7A20-43D0-8001-114F0B718FF3}.Release|Any CPU.ActiveCfg = Release|Any CPU
		{D0BC8B02-7A20-43D0-8001-114F0B718FF3}.Release|Any CPU.Build.0 = Release|Any CPU
	EndGlobalSection
	GlobalSection(SolutionProperties) = preSolution
		HideSolutionNode = FALSE
	EndGlobalSection
	GlobalSection(ExtensibilityGlobals) = postSolution
		SolutionGuid = {E664BCB8-1D25-48FD-BD16-1559DDF73863}
	EndGlobalSection
EndGlobal
